
Microsoft Visual Studio Solution File, Format Version 12.00
# Visual Studio Version 17
VisualStudioVersion = 17.14.36221.1
MinimumVisualStudioVersion = 10.0.40219.1
Project("{FAE04EC0-301F-11D3-BF4B-00C04F79EFBC}") = "Assignment4", "Assignment4\Assignment4.csproj", "{E1002E1E-1600-47C0-9CB8-F0A82DE9AE24}"
EndProject
Project("{FAE04EC0-301F-11D3-BF4B-00C04F79EFBC}") = "Demoo", "Demoo\Demoo.csproj", "{CC6AD777-06DB-4641-8AAF-BE947B4D12DE}"
EndProject
Global
	GlobalSection(SolutionConfigurationPlatforms) = preSolution
		Debug|Any CPU = Debug|Any CPU
		Release|Any CPU = Release|Any CPU
	EndGlobalSection
	GlobalSection(ProjectConfigurationPlatforms) = postSolution
		{E1002E1E-1600-47C0-9CB8-F0A82DE9AE24}.Debug|Any CPU.ActiveCfg = Debug|Any CPU
		{E1002E1E-1600-47C0-9CB8-F0A82DE9AE24}.Debug|Any CPU.Build.0 = Debug|Any CPU
		{E1002E1E-1600-47C0-9CB8-F0A82DE9AE24}.Release|Any CPU.ActiveCfg = Release|Any CPU
		{E1002E1E-1600-47C0-9CB8-F0A82DE9AE24}.Release|Any CPU.Build.0 = Release|Any CPU
		{CC6AD777-06DB-4641-8AAF-BE947B4D12DE}.Debug|Any CPU.ActiveCfg = Debug|Any CPU
		{CC6AD777-06DB-4641-8AAF-BE947B4D12DE}.Debug|Any CPU.Build.0 = Debug|Any CPU
		{CC6AD777-06DB-4641-8AAF-BE947B4D12DE}.Release|Any CPU.ActiveCfg = Release|Any CPU
		{CC6AD777-06DB-4641-8AAF-BE947B4D12DE}.Release|Any CPU.Build.0 = Release|Any CPU
	EndGlobalSection
	GlobalSection(SolutionProperties) = preSolution
		HideSolutionNode = FALSE
	EndGlobalSection
	GlobalSection(ExtensibilityGlobals) = postSolution
		SolutionGuid = {EE145706-7F2B-4738-9F65-8267BE02569E}
	EndGlobalSection
EndGlobal
